
Microsoft Visual Studio Solution File, Format Version 12.00
# Visual Studio 2013
VisualStudioVersion = 12.0.40629.0
MinimumVisualStudioVersion = 10.0.40219.1
Project("{FAE04EC0-301F-11D3-BF4B-00C04F79EFBC}") = "lab_1_3_1", "lab_1_3_1\lab_1_3_1.csproj", "{7F535F63-CCA2-4AF5-B18C-6EE344A02370}"
EndProject
Global
	GlobalSection(SolutionConfigurationPlatforms) = preSolution
		Debug|Any CPU = Debug|Any CPU
		Release|Any CPU = Release|Any CPU
	EndGlobalSection
	GlobalSection(ProjectConfigurationPlatforms) = postSolution
		{7F535F63-CCA2-4AF5-B18C-6EE344A02370}.Debug|Any CPU.ActiveCfg = Debug|Any CPU
		{7F535F63-CCA2-4AF5-B18C-6EE344A02370}.Debug|Any CPU.Build.0 = Debug|Any CPU
		{7F535F63-CCA2-4AF5-B18C-6EE344A02370}.Release|Any CPU.ActiveCfg = Release|Any CPU
		{7F535F63-CCA2-4AF5-B18C-6EE344A02370}.Release|Any CPU.Build.0 = Release|Any CPU
	EndGlobalSection
	GlobalSection(SolutionProperties) = preSolution
		HideSolutionNode = FALSE
	EndGlobalSection
EndGlobal
