
Microsoft Visual Studio Solution File, Format Version 12.00
# Visual Studio 2013
VisualStudioVersion = 12.0.40629.0
MinimumVisualStudioVersion = 10.0.40219.1
Project("{FAE04EC0-301F-11D3-BF4B-00C04F79EFBC}") = "lab_1_1_4", "lab_1_1_4\lab_1_1_4.csproj", "{A6FE416A-5693-4474-9E06-C74F5C020CFC}"
EndProject
Global
	GlobalSection(SolutionConfigurationPlatforms) = preSolution
		Debug|Any CPU = Debug|Any CPU
		Release|Any CPU = Release|Any CPU
	EndGlobalSection
	GlobalSection(ProjectConfigurationPlatforms) = postSolution
		{A6FE416A-5693-4474-9E06-C74F5C020CFC}.Debug|Any CPU.ActiveCfg = Debug|Any CPU
		{A6FE416A-5693-4474-9E06-C74F5C020CFC}.Debug|Any CPU.Build.0 = Debug|Any CPU
		{A6FE416A-5693-4474-9E06-C74F5C020CFC}.Release|Any CPU.ActiveCfg = Release|Any CPU
		{A6FE416A-5693-4474-9E06-C74F5C020CFC}.Release|Any CPU.Build.0 = Release|Any CPU
	EndGlobalSection
	GlobalSection(SolutionProperties) = preSolution
		HideSolutionNode = FALSE
	EndGlobalSection
EndGlobal
